lockfileVersion: '9.0'

settings:
  autoInstallPeers: true
  excludeLinksFromLockfile: false

importers:

  .:
    devDependencies:
      oxlint:
        specifier: ^1.11.1
        version: 1.11.1
      prettier:
        specifier: ^3.6.2
        version: 3.6.2
      prettier-plugin-sh:
        specifier: ^0.18.0
        version: 0.18.0(prettier@3.6.2)

packages:

  '@oxlint-tsgolint/darwin-arm64@0.0.1':
    resolution: {integrity: sha512-DhPovgw2MVvQhU4uyrrgBUqRkmh6V66zItbpWu352B0f9LW0tFm2cXcTDR1QkDo1m9B6YV7qR9IPI2/q7gLDeA==}
    os: [darwin]

  '@oxlint-tsgolint/darwin-x64@0.0.1':
    resolution: {integrity: sha512-/T+STn40ebdHM7Cz6bVITynBHNWnRGKyz8CcbUDdiehhD0CTlwwNeKCKA4beQ1t/Dvc3JG6pV8dwv/2cmd+DYg==}
    os: [darwin]

  '@oxlint-tsgolint/linux-arm64@0.0.1':
    resolution: {integrity: sha512-xp8KdgxyqLB31ISPep0LDJgyE3ucxcLc8LdlqjO+Z9k2RR0MkFs1bgpXROn5KX1eZGO5OYRdbgVX+s43TI7Dhw==}
    os: [linux]

  '@oxlint-tsgolint/linux-x64@0.0.1':
    resolution: {integrity: sha512-6OG1DFbg1xP5UmuWynUnVkay5WbH44aiwDhIAIR8+V50Ijzzyx87CGxKbn1k0YsfaQIji5SgZi0WMiJQ5LTR2A==}
    os: [linux]

  '@oxlint-tsgolint/win32-arm64@0.0.1':
    resolution: {integrity: sha512-szngA1G3b9DyO6NZ7qUBl8EXBt+9F6cLQ4/kdiIUwk+5LELCjFbpg2s7eGPYZaCJjf30Vo9GlTqe5HFjddvrXg==}
    os: [win32]

  '@oxlint-tsgolint/win32-x64@0.0.1':
    resolution: {integrity: sha512-anzDRE1w3Vl/aSBLiOwnwzz17GJaXJr+X3OTWwwV9cHg+TWEhLpUDo+d2pAoulCHoZTjN/k8A9wHg0IGuqnOfA==}
    os: [win32]

  '@oxlint/darwin-arm64@1.11.1':
    resolution: {integrity: sha512-/9ohoWJoPHLXDBRQqPn3jIwB2QXt+Pv6dR1r6fmrcm5RiTyqf40zK10gMDl8rbw8ONmzgrevdxweV0iRuC9pcQ==}
    cpu: [arm64]
    os: [darwin]

  '@oxlint/darwin-x64@1.11.1':
    resolution: {integrity: sha512-snwKjdJO+mGwp2xYBxdwJorad4ZVeZDq2FV3ZcgvqCmf6pg+eJdm/jtlfXb44KfEDlBCvMa0zV48bjY+tg31rA==}
    cpu: [x64]
    os: [darwin]

  '@oxlint/linux-arm64-gnu@1.11.1':
    resolution: {integrity: sha512-WI3LcUlowzlu2wQb0XRIq1Zv1AMkQDrU7+zHVtiokFbjyioUcSOomwN+ntlZozPwFRbuLUXL+wq5qePnLhE90Q==}
    cpu: [arm64]
    os: [linux]

  '@oxlint/linux-arm64-musl@1.11.1':
    resolution: {integrity: sha512-Fc4gW7nf8dGOvsvTqIJDCvWiDCxQtnX3KDM69G+0d23ljiXdi2/EEcWNcvobBwi0CqlpO+TdQiRYDLHEJxSRfA==}
    cpu: [arm64]
    os: [linux]

  '@oxlint/linux-x64-gnu@1.11.1':
    resolution: {integrity: sha512-3UNP5PAE/IHWMSfrwybMbjppQXMveFzLMMZjGk8tEAm9aj4yeX6Z3O+ns6fQHStbb6PyrDMncAyNl/qxUfmp7A==}
    cpu: [x64]
    os: [linux]

  '@oxlint/linux-x64-musl@1.11.1':
    resolution: {integrity: sha512-CmRm8rFT6MwKvcpcw1IM+QHtyh3iOKRewJn3VOHYlRzw+VKQuvUbUnWHgROtr6V8UOiRkrSy3Mvo/d5Fc+r/lw==}
    cpu: [x64]
    os: [linux]

  '@oxlint/win32-arm64@1.11.1':
    resolution: {integrity: sha512-htSR1NHMnRV5qXDoZJcFxKObgLyBvA4g9eIhzDTsTyw7e2ZDR/SVOli2IZB31ghCwEYcSV7yoZgfOgjNbgvDJA==}
    cpu: [arm64]
    os: [win32]

  '@oxlint/win32-x64@1.11.1':
    resolution: {integrity: sha512-yjWjx0kf6+osvXdqdkLmSwPxvN9bJ+0sr+KLEgxCAZxfqy9nNTuflIwk6x5sm6lS4+qzCY7RrMYcksQ6Ky+0CA==}
    cpu: [x64]
    os: [win32]

  '@reteps/dockerfmt@0.3.6':
    resolution: {integrity: sha512-Tb5wIMvBf/nLejTQ61krK644/CEMB/cpiaIFXqGApfGqO3GwcR3qnI0DbmkFVCl2OyEp8LnLX3EkucoL0+tbFg==}
    engines: {node: ^v12.20.0 || ^14.13.0 || >=16.0.0}

  oxlint-tsgolint@0.0.1:
    resolution: {integrity: sha512-gH6EpIr2oBVperOONVzTTNYmOu6pYPipVyzWB+CfYO13vH+6O9kINUyG4rr3RXDaKdTx8UvxgRORXdSGH1iydA==}
    hasBin: true

  oxlint@1.11.1:
    resolution: {integrity: sha512-24c8BHX2deW0H7GAjkHP28+W4P3qO+2l0R/wz8jj+D4Sq/eC+K2Zyu6uN3bVXeHfG3z4U8shWD5hE+yPMisPDA==}
    engines: {node: '>=8.*'}
    hasBin: true

  prettier-plugin-sh@0.18.0:
    resolution: {integrity: sha512-cW1XL27FOJQ/qGHOW6IHwdCiNWQsAgK+feA8V6+xUTaH0cD3Mh+tFAtBvEEWvuY6hTDzRV943Fzeii+qMOh7nQ==}
    engines: {node: '>=16.0.0'}
    peerDependencies:
      prettier: ^3.6.0

  prettier@3.6.2:
    resolution: {integrity: sha512-I7AIg5boAr5R0FFtJ6rCfD+LFsWHp81dolrFD8S79U9tb8Az2nGrJncnMSnys+bpQJfRUzqs9hnA81OAA3hCuQ==}
    engines: {node: '>=14'}
    hasBin: true

  sh-syntax@0.5.8:
    resolution: {integrity: sha512-JfVoxf4FxQI5qpsPbkHhZo+n6N9YMJobyl4oGEUBb/31oQYlgTjkXQD8PBiafS2UbWoxrTO0Z5PJUBXEPAG1Zw==}
    engines: {node: '>=16.0.0'}

  tslib@2.8.1:
    resolution: {integrity: sha512-oJFu94HQb+KVduSUQL7wnpmqnfmLsOA/nAh6b6EH0wCEoK0/mPeXU6c3wKDV83MkOuHPRHtSXKKU99IBazS/2w==}

snapshots:

  '@oxlint-tsgolint/darwin-arm64@0.0.1':
    optional: true

  '@oxlint-tsgolint/darwin-x64@0.0.1':
    optional: true

  '@oxlint-tsgolint/linux-arm64@0.0.1':
    optional: true

  '@oxlint-tsgolint/linux-x64@0.0.1':
    optional: true

  '@oxlint-tsgolint/win32-arm64@0.0.1':
    optional: true

  '@oxlint-tsgolint/win32-x64@0.0.1':
    optional: true

  '@oxlint/darwin-arm64@1.11.1':
    optional: true

  '@oxlint/darwin-x64@1.11.1':
    optional: true

  '@oxlint/linux-arm64-gnu@1.11.1':
    optional: true

  '@oxlint/linux-arm64-musl@1.11.1':
    optional: true

  '@oxlint/linux-x64-gnu@1.11.1':
    optional: true

  '@oxlint/linux-x64-musl@1.11.1':
    optional: true

  '@oxlint/win32-arm64@1.11.1':
    optional: true

  '@oxlint/win32-x64@1.11.1':
    optional: true

  '@reteps/dockerfmt@0.3.6': {}

  oxlint-tsgolint@0.0.1:
    optionalDependencies:
      '@oxlint-tsgolint/darwin-arm64': 0.0.1
      '@oxlint-tsgolint/darwin-x64': 0.0.1
      '@oxlint-tsgolint/linux-arm64': 0.0.1
      '@oxlint-tsgolint/linux-x64': 0.0.1
      '@oxlint-tsgolint/win32-arm64': 0.0.1
      '@oxlint-tsgolint/win32-x64': 0.0.1
    optional: true

  oxlint@1.11.1:
    optionalDependencies:
      '@oxlint/darwin-arm64': 1.11.1
      '@oxlint/darwin-x64': 1.11.1
      '@oxlint/linux-arm64-gnu': 1.11.1
      '@oxlint/linux-arm64-musl': 1.11.1
      '@oxlint/linux-x64-gnu': 1.11.1
      '@oxlint/linux-x64-musl': 1.11.1
      '@oxlint/win32-arm64': 1.11.1
      '@oxlint/win32-x64': 1.11.1
      oxlint-tsgolint: 0.0.1

  prettier-plugin-sh@0.18.0(prettier@3.6.2):
    dependencies:
      '@reteps/dockerfmt': 0.3.6
      prettier: 3.6.2
      sh-syntax: 0.5.8

  prettier@3.6.2: {}

  sh-syntax@0.5.8:
    dependencies:
      tslib: 2.8.1

  tslib@2.8.1: {}
